// !$*UTF8*$!
{
	archiveVersion = 1;
	classes = {
	};
	objectVersion = 50;
	objects = {

/* Begin PBXBuildFile section */
		B0D448142578CD720070C01B /* main.cpp in Sources */ = {isa = PBXBuildFile; fileRef = B0D448132578CD720070C01B /* main.cpp */; };
		B0D4481D257F68840070C01B /* day1.cpp in Sources */ = {isa = PBXBuildFile; fileRef = B0D4481B257F68840070C01B /* day1.cpp */; };
		B0D44820257F6A130070C01B /* day2.cpp in Sources */ = {isa = PBXBuildFile; fileRef = B0D4481E257F6A130070C01B /* day2.cpp */; };
		B0D44823257F6A220070C01B /* day3.cpp in Sources */ = {isa = PBXBuildFile; fileRef = B0D44821257F6A220070C01B /* day3.cpp */; };
		B0D44826257F6A290070C01B /* day4.cpp in Sources */ = {isa = PBXBuildFile; fileRef = B0D44824257F6A290070C01B /* day4.cpp */; };
		B0D44829257F6A310070C01B /* day5.cpp in Sources */ = {isa = PBXBuildFile; fileRef = B0D44827257F6A310070C01B /* day5.cpp */; };
/* End PBXBuildFile section */

/* Begin PBXCopyFilesBuildPhase section */
		B0D4480E2578CD720070C01B /* CopyFiles */ = {
			isa = PBXCopyFilesBuildPhase;
			buildActionMask = 2147483647;
			dstPath = /usr/share/man/man1/;
			dstSubfolderSpec = 0;
			files = (
			);
			runOnlyForDeploymentPostprocessing = 1;
		};
/* End PBXCopyFilesBuildPhase section */

/* Begin PBXFileReference section */
		B0D448102578CD720070C01B /* AdventOfCode2020 */ = {isa = PBXFileReference; explicitFileType = "compiled.mach-o.executable"; includeInIndex = 0; path = AdventOfCode2020; sourceTree = BUILT_PRODUCTS_DIR; };
		B0D448132578CD720070C01B /* main.cpp */ = {isa = PBXFileReference; lastKnownFileType = sourcecode.cpp.cpp; path = main.cpp; sourceTree = "<group>"; };
		B0D4481A2578CF3B0070C01B /* data */ = {isa = PBXFileReference; lastKnownFileType = folder; path = data; sourceTree = "<group>"; };
		B0D4481B257F68840070C01B /* day1.cpp */ = {isa = PBXFileReference; lastKnownFileType = sourcecode.cpp.cpp; path = day1.cpp; sourceTree = "<group>"; };
		B0D4481C257F68840070C01B /* day1.h */ = {isa = PBXFileReference; lastKnownFileType = sourcecode.c.h; path = day1.h; sourceTree = "<group>"; };
		B0D4481E257F6A130070C01B /* day2.cpp */ = {isa = PBXFileReference; lastKnownFileType = sourcecode.cpp.cpp; path = day2.cpp; sourceTree = "<group>"; };
		B0D4481F257F6A130070C01B /* day2.h */ = {isa = PBXFileReference; lastKnownFileType = sourcecode.c.h; path = day2.h; sourceTree = "<group>"; };
		B0D44821257F6A220070C01B /* day3.cpp */ = {isa = PBXFileReference; lastKnownFileType = sourcecode.cpp.cpp; path = day3.cpp; sourceTree = "<group>"; };
		B0D44822257F6A220070C01B /* day3.h */ = {isa = PBXFileReference; lastKnownFileType = sourcecode.c.h; path = day3.h; sourceTree = "<group>"; };
		B0D44824257F6A290070C01B /* day4.cpp */ = {isa = PBXFileReference; lastKnownFileType = sourcecode.cpp.cpp; path = day4.cpp; sourceTree = "<group>"; };
		B0D44825257F6A290070C01B /* day4.h */ = {isa = PBXFileReference; lastKnownFileType = sourcecode.c.h; path = day4.h; sourceTree = "<group>"; };
		B0D44827257F6A310070C01B /* day5.cpp */ = {isa = PBXFileReference; lastKnownFileType = sourcecode.cpp.cpp; path = day5.cpp; sourceTree = "<group>"; };
		B0D44828257F6A310070C01B /* day5.h */ = {isa = PBXFileReference; lastKnownFileType = sourcecode.c.h; path = day5.h; sourceTree = "<group>"; };
		B0D4482B257F7DBD0070C01B /* main.h */ = {isa = PBXFileReference; lastKnownFileType = sourcecode.c.h; path = main.h; sourceTree = "<group>"; };
/* End PBXFileReference section */

/* Begin PBXFrameworksBuildPhase section */
		B0D4480D2578CD720070C01B /* Frameworks */ = {
			isa = PBXFrameworksBuildPhase;
			buildActionMask = 2147483647;
			files = (
			);
			runOnlyForDeploymentPostprocessing = 0;
		};
/* End PBXFrameworksBuildPhase section */

/* Begin PBXGroup section */
		B0D448072578CD720070C01B = {
			isa = PBXGroup;
			children = (
				B0D4481A2578CF3B0070C01B /* data */,
				B0D4482B257F7DBD0070C01B /* main.h */,
				B0D448132578CD720070C01B /* main.cpp */,
				B0D4481C257F68840070C01B /* day1.h */,
				B0D4481B257F68840070C01B /* day1.cpp */,
				B0D4481F257F6A130070C01B /* day2.h */,
				B0D4481E257F6A130070C01B /* day2.cpp */,
				B0D44822257F6A220070C01B /* day3.h */,
				B0D44821257F6A220070C01B /* day3.cpp */,
				B0D44825257F6A290070C01B /* day4.h */,
				B0D44824257F6A290070C01B /* day4.cpp */,
				B0D44828257F6A310070C01B /* day5.h */,
				B0D44827257F6A310070C01B /* day5.cpp */,
				B0D448112578CD720070C01B /* Products */,
			);
			sourceTree = "<group>";
		};
		B0D448112578CD720070C01B /* Products */ = {
			isa = PBXGroup;
			children = (
				B0D448102578CD720070C01B /* AdventOfCode2020 */,
			);
			name = Products;
			sourceTree = "<group>";
		};
/* End PBXGroup section */

/* Begin PBXNativeTarget section */
		B0D4480F2578CD720070C01B /* AdventOfCode2020 */ = {
			isa = PBXNativeTarget;
			buildConfigurationList = B0D448172578CD720070C01B /* Build configuration list for PBXNativeTarget "AdventOfCode2020" */;
			buildPhases = (
				B0D4480C2578CD720070C01B /* Sources */,
				B0D4480D2578CD720070C01B /* Frameworks */,
				B0D4480E2578CD720070C01B /* CopyFiles */,
			);
			buildRules = (
			);
			dependencies = (
			);
			name = AdventOfCode2020;
			productName = AdventOfCode2020;
			productReference = B0D448102578CD720070C01B /* AdventOfCode2020 */;
			productType = "com.apple.product-type.tool";
		};
/* End PBXNativeTarget section */

/* Begin PBXProject section */
		B0D448082578CD720070C01B /* Project object */ = {
			isa = PBXProject;
			attributes = {
				LastUpgradeCheck = 1140;
				ORGANIZATIONNAME = "Whitaker Trebella";
				TargetAttributes = {
					B0D4480F2578CD720070C01B = {
						CreatedOnToolsVersion = 11.4;
					};
				};
			};
			buildConfigurationList = B0D4480B2578CD720070C01B /* Build configuration list for PBXProject "AdventOfCode2020" */;
			compatibilityVersion = "Xcode 9.3";
			developmentRegion = en;
			hasScannedForEncodings = 0;
			knownRegions = (
				en,
				Base,
			);
			mainGroup = B0D448072578CD720070C01B;
			productRefGroup = B0D448112578CD720070C01B /* Products */;
			projectDirPath = "";
			projectRoot = "";
			targets = (
				B0D4480F2578CD720070C01B /* AdventOfCode2020 */,
			);
		};
/* End PBXProject section */

/* Begin PBXSourcesBuildPhase section */
		B0D4480C2578CD720070C01B /* Sources */ = {
			isa = PBXSourcesBuildPhase;
			buildActionMask = 2147483647;
			files = (
				B0D4481D257F68840070C01B /* day1.cpp in Sources */,
				B0D448142578CD720070C01B /* main.cpp in Sources */,
				B0D44829257F6A310070C01B /* day5.cpp in Sources */,
				B0D44823257F6A220070C01B /* day3.cpp in Sources */,
				B0D44826257F6A290070C01B /* day4.cpp in Sources */,
				B0D44820257F6A130070C01B /* day2.cpp in Sources */,
			);
			runOnlyForDeploymentPostprocessing = 0;
		};
/* End PBXSourcesBuildPhase section */

/* Begin XCBuildConfiguration section */
		B0D448152578CD720070C01B /* Debug */ = {
			isa = XCBuildConfiguration;
			buildSettings = {
				ALWAYS_SEARCH_USER_PATHS = NO;
				CLANG_ANALYZER_NONNULL = YES;
				CLANG_ANALYZER_NUMBER_OBJECT_CONVERSION = YES_AGGRESSIVE;
				CLANG_CXX_LANGUAGE_STANDARD = "gnu++14";
				CLANG_CXX_LIBRARY = "libc++";
				CLANG_ENABLE_MODULES = YES;
				CLANG_ENABLE_OBJC_ARC = YES;
				CLANG_ENABLE_OBJC_WEAK = YES;
				CLANG_WARN_BLOCK_CAPTURE_AUTORELEASING = YES;
				CLANG_WARN_BOOL_CONVERSION = YES;
				CLANG_WARN_COMMA = YES;
				CLANG_WARN_CONSTANT_CONVERSION = YES;
				CLANG_WARN_DEPRECATED_OBJC_IMPLEMENTATIONS = YES;
				CLANG_WARN_DIRECT_OBJC_ISA_USAGE = YES_ERROR;
				CLANG_WARN_DOCUMENTATION_COMMENTS = YES;
				CLANG_WARN_EMPTY_BODY = YES;
				CLANG_WARN_ENUM_CONVERSION = YES;
				CLANG_WARN_INFINITE_RECURSION = YES;
				CLANG_WARN_INT_CONVERSION = YES;
				CLANG_WARN_NON_LITERAL_NULL_CONVERSION = YES;
				CLANG_WARN_OBJC_IMPLICIT_RETAIN_SELF = YES;
				CLANG_WARN_OBJC_LITERAL_CONVERSION = YES;
				CLANG_WARN_OBJC_ROOT_CLASS = YES_ERROR;
				CLANG_WARN_RANGE_LOOP_ANALYSIS = YES;
				CLANG_WARN_STRICT_PROTOTYPES = YES;
				CLANG_WARN_SUSPICIOUS_MOVE = YES;
				CLANG_WARN_UNGUARDED_AVAILABILITY = YES_AGGRESSIVE;
				CLANG_WARN_UNREACHABLE_CODE = YES;
				CLANG_WARN__DUPLICATE_METHOD_MATCH = YES;
				COPY_PHASE_STRIP = NO;
				DEBUG_INFORMATION_FORMAT = dwarf;
				ENABLE_STRICT_OBJC_MSGSEND = YES;
				ENABLE_TESTABILITY = YES;
				GCC_C_LANGUAGE_STANDARD = gnu11;
				GCC_DYNAMIC_NO_PIC = NO;
				GCC_NO_COMMON_BLOCKS = YES;
				GCC_OPTIMIZATION_LEVEL = 0;
				GCC_PREPROCESSOR_DEFINITIONS = (
					"DEBUG=1",
					"$(inherited)",
				);
				GCC_WARN_64_TO_32_BIT_CONVERSION = YES;
				GCC_WARN_ABOUT_RETURN_TYPE = YES_ERROR;
				GCC_WARN_UNDECLARED_SELECTOR = YES;
				GCC_WARN_UNINITIALIZED_AUTOS = YES_AGGRESSIVE;
				GCC_WARN_UNUSED_FUNCTION = YES;
				GCC_WARN_UNUSED_VARIABLE = YES;
				MACOSX_DEPLOYMENT_TARGET = 10.15;
				MTL_ENABLE_DEBUG_INFO = INCLUDE_SOURCE;
				MTL_FAST_MATH = YES;
				ONLY_ACTIVE_ARCH = YES;
				SDKROOT = macosx;
			};
			name = Debug;
		};
		B0D448162578CD720070C01B /* Release */ = {
			isa = XCBuildConfiguration;
			buildSettings = {
				ALWAYS_SEARCH_USER_PATHS = NO;
				CLANG_ANALYZER_NONNULL = YES;
				CLANG_ANALYZER_NUMBER_OBJECT_CONVERSION = YES_AGGRESSIVE;
				CLANG_CXX_LANGUAGE_STANDARD = "gnu++14";
				CLANG_CXX_LIBRARY = "libc++";
				CLANG_ENABLE_MODULES = YES;
				CLANG_ENABLE_OBJC_ARC = YES;
				CLANG_ENABLE_OBJC_WEAK = YES;
				CLANG_WARN_BLOCK_CAPTURE_AUTORELEASING = YES;
				CLANG_WARN_BOOL_CONVERSION = YES;
				CLANG_WARN_COMMA = YES;
				CLANG_WARN_CONSTANT_CONVERSION = YES;
				CLANG_WARN_DEPRECATED_OBJC_IMPLEMENTATIONS = YES;
				CLANG_WARN_DIRECT_OBJC_ISA_USAGE = YES_ERROR;
				CLANG_WARN_DOCUMENTATION_COMMENTS = YES;
				CLANG_WARN_EMPTY_BODY = YES;
				CLANG_WARN_ENUM_CONVERSION = YES;
				CLANG_WARN_INFINITE_RECURSION = YES;
				CLANG_WARN_INT_CONVERSION = YES;
				CLANG_WARN_NON_LITERAL_NULL_CONVERSION = YES;
				CLANG_WARN_OBJC_IMPLICIT_RETAIN_SELF = YES;
				CLANG_WARN_OBJC_LITERAL_CONVERSION = YES;
				CLANG_WARN_OBJC_ROOT_CLASS = YES_ERROR;
				CLANG_WARN_RANGE_LOOP_ANALYSIS = YES;
				CLANG_WARN_STRICT_PROTOTYPES = YES;
				CLANG_WARN_SUSPICIOUS_MOVE = YES;
				CLANG_WARN_UNGUARDED_AVAILABILITY = YES_AGGRESSIVE;
				CLANG_WARN_UNREACHABLE_CODE = YES;
				CLANG_WARN__DUPLICATE_METHOD_MATCH = YES;
				COPY_PHASE_STRIP = NO;
				DEBUG_INFORMATION_FORMAT = "dwarf-with-dsym";
				ENABLE_NS_ASSERTIONS = NO;
				ENABLE_STRICT_OBJC_MSGSEND = YES;
				GCC_C_LANGUAGE_STANDARD = gnu11;
				GCC_NO_COMMON_BLOCKS = YES;
				GCC_WARN_64_TO_32_BIT_CONVERSION = YES;
				GCC_WARN_ABOUT_RETURN_TYPE = YES_ERROR;
				GCC_WARN_UNDECLARED_SELECTOR = YES;
				GCC_WARN_UNINITIALIZED_AUTOS = YES_AGGRESSIVE;
				GCC_WARN_UNUSED_FUNCTION = YES;
				GCC_WARN_UNUSED_VARIABLE = YES;
				MACOSX_DEPLOYMENT_TARGET = 10.15;
				MTL_ENABLE_DEBUG_INFO = NO;
				MTL_FAST_MATH = YES;
				SDKROOT = macosx;
			};
			name = Release;
		};
		B0D448182578CD720070C01B /* Debug */ = {
			isa = XCBuildConfiguration;
			buildSettings = {
				CODE_SIGN_STYLE = Automatic;
				DEVELOPMENT_TEAM = L967N79SM4;
				ENABLE_HARDENED_RUNTIME = YES;
				PRODUCT_NAME = "$(TARGET_NAME)";
			};
			name = Debug;
		};
		B0D448192578CD720070C01B /* Release */ = {
			isa = XCBuildConfiguration;
			buildSettings = {
				CODE_SIGN_STYLE = Automatic;
				DEVELOPMENT_TEAM = L967N79SM4;
				ENABLE_HARDENED_RUNTIME = YES;
				PRODUCT_NAME = "$(TARGET_NAME)";
			};
			name = Release;
		};
/* End XCBuildConfiguration section */

/* Begin XCConfigurationList section */
		B0D4480B2578CD720070C01B /* Build configuration list for PBXProject "AdventOfCode2020" */ = {
			isa = XCConfigurationList;
			buildConfigurations = (
				B0D448152578CD720070C01B /* Debug */,
				B0D448162578CD720070C01B /* Release */,
			);
			defaultConfigurationIsVisible = 0;
			defaultConfigurationName = Release;
		};
		B0D448172578CD720070C01B /* Build configuration list for PBXNativeTarget "AdventOfCode2020" */ = {
			isa = XCConfigurationList;
			buildConfigurations = (
				B0D448182578CD720070C01B /* Debug */,
				B0D448192578CD720070C01B /* Release */,
			);
			defaultConfigurationIsVisible = 0;
			defaultConfigurationName = Release;
		};
/* End XCConfigurationList section */
	};
	rootObject = B0D448082578CD720070C01B /* Project object */;
}
